
Microsoft Visual Studio Solution File, Format Version 12.00
# Visual Studio Version 17
VisualStudioVersion = 17.1.32228.430
MinimumVisualStudioVersion = 10.0.40219.1
Project("{9A19103F-16F7-4668-BE54-9A1E7A4F7556}") = "KantimeEvv", "FreshMvvmApp\KantimeEvv.csproj", "{2515F94C-D55E-4904-9650-6E5224D29096}"
EndProject
Project("{FAE04EC0-301F-11D3-BF4B-00C04F79EFBC}") = "KantimeEvv.Android", "FreshMvvmApp.Android\KantimeEvv.Android.csproj", "{CC2CD6A3-E6F9-4EB0-9FAB-D2E839C653AA}"
EndProject
Project("{FAE04EC0-301F-11D3-BF4B-00C04F79EFBC}") = "KantimeEvv.iOS", "FreshMvvmApp.iOS\KantimeEvv.iOS.csproj", "{5D7F169B-D454-462D-B80E-DF9DE2E05FFF}"
EndProject
Global
	GlobalSection(SolutionConfigurationPlatforms) = preSolution
		Ad-Hoc|Any CPU = Ad-Hoc|Any CPU
		Ad-Hoc|iPhone = Ad-Hoc|iPhone
		Ad-Hoc|iPhoneSimulator = Ad-Hoc|iPhoneSimulator
		AppStore|Any CPU = AppStore|Any CPU
		AppStore|iPhone = AppStore|iPhone
		AppStore|iPhoneSimulator = AppStore|iPhoneSimulator
		Debug|Any CPU = Debug|Any CPU
		Debug|iPhone = Debug|iPhone
		Debug|iPhoneSimulator = Debug|iPhoneSimulator
		Release|Any CPU = Release|Any CPU
		Release|iPhone = Release|iPhone
		Release|iPhoneSimulator = Release|iPhoneSimulator
	EndGlobalSection
	GlobalSection(ProjectConfigurationPlatforms) = postSolution
		{2515F94C-D55E-4904-9650-6E5224D29096}.Ad-Hoc|Any CPU.ActiveCfg = Debug|Any CPU
		{2515F94C-D55E-4904-9650-6E5224D29096}.Ad-Hoc|Any CPU.Build.0 = Debug|Any CPU
		{2515F94C-D55E-4904-9650-6E5224D29096}.Ad-Hoc|iPhone.ActiveCfg = Debug|Any CPU
		{2515F94C-D55E-4904-9650-6E5224D29096}.Ad-Hoc|iPhone.Build.0 = Debug|Any CPU
		{2515F94C-D55E-4904-9650-6E5224D29096}.Ad-Hoc|iPhoneSimulator.ActiveCfg = Debug|Any CPU
		{2515F94C-D55E-4904-9650-6E5224D29096}.Ad-Hoc|iPhoneSimulator.Build.0 = Debug|Any CPU
		{2515F94C-D55E-4904-9650-6E5224D29096}.AppStore|Any CPU.ActiveCfg = Debug|Any CPU
		{2515F94C-D55E-4904-9650-6E5224D29096}.AppStore|Any CPU.Build.0 = Debug|Any CPU
		{2515F94C-D55E-4904-9650-6E5224D29096}.AppStore|iPhone.ActiveCfg = Debug|Any CPU
		{2515F94C-D55E-4904-9650-6E5224D29096}.AppStore|iPhone.Build.0 = Debug|Any CPU
		{2515F94C-D55E-4904-9650-6E5224D29096}.AppStore|iPhoneSimulator.ActiveCfg = Debug|Any CPU
		{2515F94C-D55E-4904-9650-6E5224D29096}.AppStore|iPhoneSimulator.Build.0 = Debug|Any CPU
		{2515F94C-D55E-4904-9650-6E5224D29096}.Debug|Any CPU.ActiveCfg = Debug|Any CPU
		{2515F94C-D55E-4904-9650-6E5224D29096}.Debug|Any CPU.Build.0 = Debug|Any CPU
		{2515F94C-D55E-4904-9650-6E5224D29096}.Debug|iPhone.ActiveCfg = Debug|Any CPU
		{2515F94C-D55E-4904-9650-6E5224D29096}.Debug|iPhone.Build.0 = Debug|Any CPU
		{2515F94C-D55E-4904-9650-6E5224D29096}.Debug|iPhoneSimulator.ActiveCfg = Debug|Any CPU
		{2515F94C-D55E-4904-9650-6E5224D29096}.Debug|iPhoneSimulator.Build.0 = Debug|Any CPU
		{2515F94C-D55E-4904-9650-6E5224D29096}.Release|Any CPU.ActiveCfg = Release|Any CPU
		{2515F94C-D55E-4904-9650-6E5224D29096}.Release|Any CPU.Build.0 = Release|Any CPU
		{2515F94C-D55E-4904-9650-6E5224D29096}.Release|iPhone.ActiveCfg = Release|Any CPU
		{2515F94C-D55E-4904-9650-6E5224D29096}.Release|iPhone.Build.0 = Release|Any CPU
		{2515F94C-D55E-4904-9650-6E5224D29096}.Release|iPhoneSimulator.ActiveCfg = Release|Any CPU
		{2515F94C-D55E-4904-9650-6E5224D29096}.Release|iPhoneSimulator.Build.0 = Release|Any CPU
		{CC2CD6A3-E6F9-4EB0-9FAB-D2E839C653AA}.Ad-Hoc|Any CPU.ActiveCfg = Debug|Any CPU
		{CC2CD6A3-E6F9-4EB0-9FAB-D2E839C653AA}.Ad-Hoc|Any CPU.Build.0 = Debug|Any CPU
		{CC2CD6A3-E6F9-4EB0-9FAB-D2E839C653AA}.Ad-Hoc|Any CPU.Deploy.0 = Debug|Any CPU
		{CC2CD6A3-E6F9-4EB0-9FAB-D2E839C653AA}.Ad-Hoc|iPhone.ActiveCfg = Debug|Any CPU
		{CC2CD6A3-E6F9-4EB0-9FAB-D2E839C653AA}.Ad-Hoc|iPhone.Build.0 = Debug|Any CPU
		{CC2CD6A3-E6F9-4EB0-9FAB-D2E839C653AA}.Ad-Hoc|iPhone.Deploy.0 = Debug|Any CPU
		{CC2CD6A3-E6F9-4EB0-9FAB-D2E839C653AA}.Ad-Hoc|iPhoneSimulator.ActiveCfg = Debug|Any CPU
		{CC2CD6A3-E6F9-4EB0-9FAB-D2E839C653AA}.Ad-Hoc|iPhoneSimulator.Build.0 = Debug|Any CPU
		{CC2CD6A3-E6F9-4EB0-9FAB-D2E839C653AA}.Ad-Hoc|iPhoneSimulator.Deploy.0 = Debug|Any CPU
		{CC2CD6A3-E6F9-4EB0-9FAB-D2E839C653AA}.AppStore|Any CPU.ActiveCfg = Debug|Any CPU
		{CC2CD6A3-E6F9-4EB0-9FAB-D2E839C653AA}.AppStore|Any CPU.Build.0 = Debug|Any CPU
		{CC2CD6A3-E6F9-4EB0-9FAB-D2E839C653AA}.AppStore|Any CPU.Deploy.0 = Debug|Any CPU
		{CC2CD6A3-E6F9-4EB0-9FAB-D2E839C653AA}.AppStore|iPhone.ActiveCfg = Debug|Any CPU
		{CC2CD6A3-E6F9-4EB0-9FAB-D2E839C653AA}.AppStore|iPhone.Build.0 = Debug|Any CPU
		{CC2CD6A3-E6F9-4EB0-9FAB-D2E839C653AA}.AppStore|iPhone.Deploy.0 = Debug|Any CPU
		{CC2CD6A3-E6F9-4EB0-9FAB-D2E839C653AA}.AppStore|iPhoneSimulator.ActiveCfg = Debug|Any CPU
		{CC2CD6A3-E6F9-4EB0-9FAB-D2E839C653AA}.AppStore|iPhoneSimulator.Build.0 = Debug|Any CPU
		{CC2CD6A3-E6F9-4EB0-9FAB-D2E839C653AA}.AppStore|iPhoneSimulator.Deploy.0 = Debug|Any CPU
		{CC2CD6A3-E6F9-4EB0-9FAB-D2E839C653AA}.Debug|Any CPU.ActiveCfg = Debug|Any CPU
		{CC2CD6A3-E6F9-4EB0-9FAB-D2E839C653AA}.Debug|Any CPU.Build.0 = Debug|Any CPU
		{CC2CD6A3-E6F9-4EB0-9FAB-D2E839C653AA}.Debug|Any CPU.Deploy.0 = Debug|Any CPU
		{CC2CD6A3-E6F9-4EB0-9FAB-D2E839C653AA}.Debug|iPhone.ActiveCfg = Debug|Any CPU
		{CC2CD6A3-E6F9-4EB0-9FAB-D2E839C653AA}.Debug|iPhone.Build.0 = Debug|Any CPU
		{CC2CD6A3-E6F9-4EB0-9FAB-D2E839C653AA}.Debug|iPhone.Deploy.0 = Debug|Any CPU
		{CC2CD6A3-E6F9-4EB0-9FAB-D2E839C653AA}.Debug|iPhoneSimulator.ActiveCfg = Debug|Any CPU
		{CC2CD6A3-E6F9-4EB0-9FAB-D2E839C653AA}.Debug|iPhoneSimulator.Build.0 = Debug|Any CPU
		{CC2CD6A3-E6F9-4EB0-9FAB-D2E839C653AA}.Debug|iPhoneSimulator.Deploy.0 = Debug|Any CPU
		{CC2CD6A3-E6F9-4EB0-9FAB-D2E839C653AA}.Release|Any CPU.ActiveCfg = Release|Any CPU
		{CC2CD6A3-E6F9-4EB0-9FAB-D2E839C653AA}.Release|Any CPU.Build.0 = Release|Any CPU
		{CC2CD6A3-E6F9-4EB0-9FAB-D2E839C653AA}.Release|Any CPU.Deploy.0 = Release|Any CPU
		{CC2CD6A3-E6F9-4EB0-9FAB-D2E839C653AA}.Release|iPhone.ActiveCfg = Release|Any CPU
		{CC2CD6A3-E6F9-4EB0-9FAB-D2E839C653AA}.Release|iPhone.Build.0 = Release|Any CPU
		{CC2CD6A3-E6F9-4EB0-9FAB-D2E839C653AA}.Release|iPhone.Deploy.0 = Release|Any CPU
		{CC2CD6A3-E6F9-4EB0-9FAB-D2E839C653AA}.Release|iPhoneSimulator.ActiveCfg = Release|Any CPU
		{CC2CD6A3-E6F9-4EB0-9FAB-D2E839C653AA}.Release|iPhoneSimulator.Build.0 = Release|Any CPU
		{CC2CD6A3-E6F9-4EB0-9FAB-D2E839C653AA}.Release|iPhoneSimulator.Deploy.0 = Release|Any CPU
		{5D7F169B-D454-462D-B80E-DF9DE2E05FFF}.Ad-Hoc|Any CPU.ActiveCfg = Ad-Hoc|iPhoneSimulator
		{5D7F169B-D454-462D-B80E-DF9DE2E05FFF}.Ad-Hoc|iPhone.ActiveCfg = Ad-Hoc|iPhone
		{5D7F169B-D454-462D-B80E-DF9DE2E05FFF}.Ad-Hoc|iPhone.Build.0 = Ad-Hoc|iPhone
		{5D7F169B-D454-462D-B80E-DF9DE2E05FFF}.Ad-Hoc|iPhoneSimulator.ActiveCfg = Ad-Hoc|iPhoneSimulator
		{5D7F169B-D454-462D-B80E-DF9DE2E05FFF}.Ad-Hoc|iPhoneSimulator.Build.0 = Ad-Hoc|iPhoneSimulator
		{5D7F169B-D454-462D-B80E-DF9DE2E05FFF}.AppStore|Any CPU.ActiveCfg = AppStore|iPhoneSimulator
		{5D7F169B-D454-462D-B80E-DF9DE2E05FFF}.AppStore|iPhone.ActiveCfg = AppStore|iPhone
		{5D7F169B-D454-462D-B80E-DF9DE2E05FFF}.AppStore|iPhone.Build.0 = AppStore|iPhone
		{5D7F169B-D454-462D-B80E-DF9DE2E05FFF}.AppStore|iPhoneSimulator.ActiveCfg = AppStore|iPhoneSimulator
		{5D7F169B-D454-462D-B80E-DF9DE2E05FFF}.AppStore|iPhoneSimulator.Build.0 = AppStore|iPhoneSimulator
		{5D7F169B-D454-462D-B80E-DF9DE2E05FFF}.Debug|Any CPU.ActiveCfg = Debug|iPhoneSimulator
		{5D7F169B-D454-462D-B80E-DF9DE2E05FFF}.Debug|iPhone.ActiveCfg = Debug|iPhone
		{5D7F169B-D454-462D-B80E-DF9DE2E05FFF}.Debug|iPhone.Build.0 = Debug|iPhone
		{5D7F169B-D454-462D-B80E-DF9DE2E05FFF}.Debug|iPhoneSimulator.ActiveCfg = Debug|iPhoneSimulator
		{5D7F169B-D454-462D-B80E-DF9DE2E05FFF}.Debug|iPhoneSimulator.Build.0 = Debug|iPhoneSimulator
		{5D7F169B-D454-462D-B80E-DF9DE2E05FFF}.Release|Any CPU.ActiveCfg = Release|iPhoneSimulator
		{5D7F169B-D454-462D-B80E-DF9DE2E05FFF}.Release|iPhone.ActiveCfg = Release|iPhone
		{5D7F169B-D454-462D-B80E-DF9DE2E05FFF}.Release|iPhone.Build.0 = Release|iPhone
		{5D7F169B-D454-462D-B80E-DF9DE2E05FFF}.Release|iPhoneSimulator.ActiveCfg = Release|iPhoneSimulator
		{5D7F169B-D454-462D-B80E-DF9DE2E05FFF}.Release|iPhoneSimulator.Build.0 = Release|iPhoneSimulator
	EndGlobalSection
	GlobalSection(SolutionProperties) = preSolution
		HideSolutionNode = FALSE
	EndGlobalSection
	GlobalSection(ExtensibilityGlobals) = postSolution
		SolutionGuid = {2AF6221F-3B03-48D0-97E2-2F201000D9A1}
	EndGlobalSection
	GlobalSection(MonoDevelopProperties) = preSolution
		version = 2.2.0
	EndGlobalSection
EndGlobal
